
Microsoft Visual Studio Solution File, Format Version 12.00
Project("{FAE04EC0-301F-11D3-BF4B-00C04F79EFBC}") = "SalesApi", "SalesApi\SalesApi.csproj", "{C505DC7D-95E3-4EAE-A908-D7D51F6A25D8}"
EndProject
Global
	GlobalSection(SolutionConfigurationPlatforms) = preSolution
		Debug|Any CPU = Debug|Any CPU
		Release|Any CPU = Release|Any CPU
	EndGlobalSection
	GlobalSection(ProjectConfigurationPlatforms) = postSolution
		{C505DC7D-95E3-4EAE-A908-D7D51F6A25D8}.Debug|Any CPU.ActiveCfg = Debug|Any CPU
		{C505DC7D-95E3-4EAE-A908-D7D51F6A25D8}.Debug|Any CPU.Build.0 = Debug|Any CPU
		{C505DC7D-95E3-4EAE-A908-D7D51F6A25D8}.Release|Any CPU.ActiveCfg = Release|Any CPU
		{C505DC7D-95E3-4EAE-A908-D7D51F6A25D8}.Release|Any CPU.Build.0 = Release|Any CPU
	EndGlobalSection
EndGlobal
