
Microsoft Visual Studio Solution File, Format Version 12.00
# Visual Studio Version 17
VisualStudioVersion = 17.13.35825.156 d17.13
MinimumVisualStudioVersion = 10.0.40219.1
Project("{FAE04EC0-301F-11D3-BF4B-00C04F79EFBC}") = "SalesApi", "SalesApi\SalesApi.csproj", "{C505DC7D-95E3-4EAE-A908-D7D51F6A25D8}"
EndProject
Project("{FAE04EC0-301F-11D3-BF4B-00C04F79EFBC}") = "Gateway", "Gateway\Gateway.csproj", "{1FF7FC66-6162-47C5-912E-6E5C177A4A76}"
EndProject
Project("{2150E333-8FDC-42A3-9474-1A3956D46DE8}") = "Services", "Services", "{02EA681E-C7D8-13C7-8484-4AC65E1B71E8}"
EndProject
Project("{FAE04EC0-301F-11D3-BF4B-00C04F79EFBC}") = "SalesApi.Domain", "SalesApi.Domain\SalesApi.Domain.csproj", "{2C65C10D-1D7B-4231-85AC-9598AEA181C5}"
EndProject
Project("{FAE04EC0-301F-11D3-BF4B-00C04F79EFBC}") = "SalesApi.Infrastructure", "SalesApi.Infrastructure\SalesApi.Infrastructure.csproj", "{2BB3DC8E-0463-435A-A5E1-BA22FBE20064}"
EndProject
Global
	GlobalSection(SolutionConfigurationPlatforms) = preSolution
		Debug|Any CPU = Debug|Any CPU
		Release|Any CPU = Release|Any CPU
	EndGlobalSection
	GlobalSection(ProjectConfigurationPlatforms) = postSolution
		{C505DC7D-95E3-4EAE-A908-D7D51F6A25D8}.Debug|Any CPU.ActiveCfg = Debug|Any CPU
		{C505DC7D-95E3-4EAE-A908-D7D51F6A25D8}.Debug|Any CPU.Build.0 = Debug|Any CPU
		{C505DC7D-95E3-4EAE-A908-D7D51F6A25D8}.Release|Any CPU.ActiveCfg = Release|Any CPU
		{C505DC7D-95E3-4EAE-A908-D7D51F6A25D8}.Release|Any CPU.Build.0 = Release|Any CPU
		{1FF7FC66-6162-47C5-912E-6E5C177A4A76}.Debug|Any CPU.ActiveCfg = Debug|Any CPU
		{1FF7FC66-6162-47C5-912E-6E5C177A4A76}.Debug|Any CPU.Build.0 = Debug|Any CPU
		{1FF7FC66-6162-47C5-912E-6E5C177A4A76}.Release|Any CPU.ActiveCfg = Release|Any CPU
		{1FF7FC66-6162-47C5-912E-6E5C177A4A76}.Release|Any CPU.Build.0 = Release|Any CPU
		{2C65C10D-1D7B-4231-85AC-9598AEA181C5}.Debug|Any CPU.ActiveCfg = Debug|Any CPU
		{2C65C10D-1D7B-4231-85AC-9598AEA181C5}.Debug|Any CPU.Build.0 = Debug|Any CPU
		{2C65C10D-1D7B-4231-85AC-9598AEA181C5}.Release|Any CPU.ActiveCfg = Release|Any CPU
		{2C65C10D-1D7B-4231-85AC-9598AEA181C5}.Release|Any CPU.Build.0 = Release|Any CPU
		{2BB3DC8E-0463-435A-A5E1-BA22FBE20064}.Debug|Any CPU.ActiveCfg = Debug|Any CPU
		{2BB3DC8E-0463-435A-A5E1-BA22FBE20064}.Debug|Any CPU.Build.0 = Debug|Any CPU
		{2BB3DC8E-0463-435A-A5E1-BA22FBE20064}.Release|Any CPU.ActiveCfg = Release|Any CPU
		{2BB3DC8E-0463-435A-A5E1-BA22FBE20064}.Release|Any CPU.Build.0 = Release|Any CPU
	EndGlobalSection
	GlobalSection(SolutionProperties) = preSolution
		HideSolutionNode = FALSE
	EndGlobalSection
	GlobalSection(NestedProjects) = preSolution
		{C505DC7D-95E3-4EAE-A908-D7D51F6A25D8} = {02EA681E-C7D8-13C7-8484-4AC65E1B71E8}
		{2C65C10D-1D7B-4231-85AC-9598AEA181C5} = {02EA681E-C7D8-13C7-8484-4AC65E1B71E8}
		{2BB3DC8E-0463-435A-A5E1-BA22FBE20064} = {02EA681E-C7D8-13C7-8484-4AC65E1B71E8}
	EndGlobalSection
	GlobalSection(ExtensibilityGlobals) = postSolution
		SolutionGuid = {D31A9DB9-B345-43F6-969E-BFABCBA028FF}
	EndGlobalSection
EndGlobal
